
Microsoft Visual Studio Solution File, Format Version 12.00
# Visual Studio Version 16
VisualStudioVersion = 16.0.32106.194
MinimumVisualStudioVersion = 10.0.40219.1
Project("{FAE04EC0-301F-11D3-BF4B-00C04F79EFBC}") = "String interpolations", "String interpolations\String interpolations.csproj", "{2E23A7DB-9081-4ADF-8940-93254BDCE96F}"
EndProject
Global
	GlobalSection(SolutionConfigurationPlatforms) = preSolution
		Debug|Any CPU = Debug|Any CPU
		Release|Any CPU = Release|Any CPU
	EndGlobalSection
	GlobalSection(ProjectConfigurationPlatforms) = postSolution
		{2E23A7DB-9081-4ADF-8940-93254BDCE96F}.Debug|Any CPU.ActiveCfg = Debug|Any CPU
		{2E23A7DB-9081-4ADF-8940-93254BDCE96F}.Debug|Any CPU.Build.0 = Debug|Any CPU
		{2E23A7DB-9081-4ADF-8940-93254BDCE96F}.Release|Any CPU.ActiveCfg = Release|Any CPU
		{2E23A7DB-9081-4ADF-8940-93254BDCE96F}.Release|Any CPU.Build.0 = Release|Any CPU
	EndGlobalSection
	GlobalSection(SolutionProperties) = preSolution
		HideSolutionNode = FALSE
	EndGlobalSection
	GlobalSection(ExtensibilityGlobals) = postSolution
		SolutionGuid = {C8B5F3AA-4AAF-4FFE-AF64-BFBB3A9B62AE}
	EndGlobalSection
EndGlobal
