
Microsoft Visual Studio Solution File, Format Version 12.00
# Visual Studio Version 16
VisualStudioVersion = 16.0.32106.194
MinimumVisualStudioVersion = 10.0.40219.1
Project("{FAE04EC0-301F-11D3-BF4B-00C04F79EFBC}") = "Praising", "Praising\Praising.csproj", "{77F779C2-8370-4AA3-BAB1-EA06DE4CACA3}"
EndProject
Global
	GlobalSection(SolutionConfigurationPlatforms) = preSolution
		Debug|Any CPU = Debug|Any CPU
		Release|Any CPU = Release|Any CPU
	EndGlobalSection
	GlobalSection(ProjectConfigurationPlatforms) = postSolution
		{77F779C2-8370-4AA3-BAB1-EA06DE4CACA3}.Debug|Any CPU.ActiveCfg = Debug|Any CPU
		{77F779C2-8370-4AA3-BAB1-EA06DE4CACA3}.Debug|Any CPU.Build.0 = Debug|Any CPU
		{77F779C2-8370-4AA3-BAB1-EA06DE4CACA3}.Release|Any CPU.ActiveCfg = Release|Any CPU
		{77F779C2-8370-4AA3-BAB1-EA06DE4CACA3}.Release|Any CPU.Build.0 = Release|Any CPU
	EndGlobalSection
	GlobalSection(SolutionProperties) = preSolution
		HideSolutionNode = FALSE
	EndGlobalSection
	GlobalSection(ExtensibilityGlobals) = postSolution
		SolutionGuid = {E46DF287-D631-4106-9C39-7A6D8AE79733}
	EndGlobalSection
EndGlobal
