
Microsoft Visual Studio Solution File, Format Version 12.00
# Visual Studio Version 16
VisualStudioVersion = 16.0.32106.194
MinimumVisualStudioVersion = 10.0.40219.1
Project("{FAE04EC0-301F-11D3-BF4B-00C04F79EFBC}") = "Practice", "strings\Practice.csproj", "{149A2699-D3B9-4804-B0D7-A9C6580AA96B}"
EndProject
Global
	GlobalSection(SolutionConfigurationPlatforms) = preSolution
		Debug|Any CPU = Debug|Any CPU
		Release|Any CPU = Release|Any CPU
	EndGlobalSection
	GlobalSection(ProjectConfigurationPlatforms) = postSolution
		{149A2699-D3B9-4804-B0D7-A9C6580AA96B}.Debug|Any CPU.ActiveCfg = Debug|Any CPU
		{149A2699-D3B9-4804-B0D7-A9C6580AA96B}.Debug|Any CPU.Build.0 = Debug|Any CPU
		{149A2699-D3B9-4804-B0D7-A9C6580AA96B}.Release|Any CPU.ActiveCfg = Release|Any CPU
		{149A2699-D3B9-4804-B0D7-A9C6580AA96B}.Release|Any CPU.Build.0 = Release|Any CPU
	EndGlobalSection
	GlobalSection(SolutionProperties) = preSolution
		HideSolutionNode = FALSE
	EndGlobalSection
	GlobalSection(ExtensibilityGlobals) = postSolution
		SolutionGuid = {FF1A94C1-9066-46D8-AA00-DD88D07C2324}
	EndGlobalSection
EndGlobal
